
Microsoft Visual Studio Solution File, Format Version 12.00
# Visual Studio Version 17
VisualStudioVersion = 17.2.32505.173
MinimumVisualStudioVersion = 10.0.40219.1
Project("{9A19103F-16F7-4668-BE54-9A1E7A4F7556}") = "WPF_Successor_001_to_Vahren", "WPF_Successor_001_to_Vahren\WPF_Successor_001_to_Vahren.csproj", "{D1EECBFF-407C-48FC-A3D0-A43A02A0B618}"
EndProject
Project("{9A19103F-16F7-4668-BE54-9A1E7A4F7556}") = "CreateClass", "CreateClass\CreateClass.csproj", "{8B6DE4C8-F5E7-48EC-8D8E-9F889A469D49}"
EndProject
Project("{FAE04EC0-301F-11D3-BF4B-00C04F79EFBC}") = "MapEditor", "MapEditor\MapEditor.csproj", "{C092106B-F79B-492E-AB67-7DCB15E9B489}"
EndProject
Global
	GlobalSection(SolutionConfigurationPlatforms) = preSolution
		Debug|Any CPU = Debug|Any CPU
		Release|Any CPU = Release|Any CPU
	EndGlobalSection
	GlobalSection(ProjectConfigurationPlatforms) = postSolution
		{D1EECBFF-407C-48FC-A3D0-A43A02A0B618}.Debug|Any CPU.ActiveCfg = Debug|Any CPU
		{D1EECBFF-407C-48FC-A3D0-A43A02A0B618}.Debug|Any CPU.Build.0 = Debug|Any CPU
		{D1EECBFF-407C-48FC-A3D0-A43A02A0B618}.Release|Any CPU.ActiveCfg = Release|Any CPU
		{D1EECBFF-407C-48FC-A3D0-A43A02A0B618}.Release|Any CPU.Build.0 = Release|Any CPU
		{8B6DE4C8-F5E7-48EC-8D8E-9F889A469D49}.Debug|Any CPU.ActiveCfg = Debug|Any CPU
		{8B6DE4C8-F5E7-48EC-8D8E-9F889A469D49}.Debug|Any CPU.Build.0 = Debug|Any CPU
		{8B6DE4C8-F5E7-48EC-8D8E-9F889A469D49}.Release|Any CPU.ActiveCfg = Release|Any CPU
		{8B6DE4C8-F5E7-48EC-8D8E-9F889A469D49}.Release|Any CPU.Build.0 = Release|Any CPU
		{C092106B-F79B-492E-AB67-7DCB15E9B489}.Debug|Any CPU.ActiveCfg = Debug|Any CPU
		{C092106B-F79B-492E-AB67-7DCB15E9B489}.Debug|Any CPU.Build.0 = Debug|Any CPU
		{C092106B-F79B-492E-AB67-7DCB15E9B489}.Release|Any CPU.ActiveCfg = Release|Any CPU
		{C092106B-F79B-492E-AB67-7DCB15E9B489}.Release|Any CPU.Build.0 = Release|Any CPU
	EndGlobalSection
	GlobalSection(SolutionProperties) = preSolution
		HideSolutionNode = FALSE
	EndGlobalSection
	GlobalSection(ExtensibilityGlobals) = postSolution
		SolutionGuid = {DECD13F9-D29B-4224-990E-0BA7A167DF6B}
	EndGlobalSection
EndGlobal
