
Microsoft Visual Studio Solution File, Format Version 12.00
# Visual Studio Version 17
VisualStudioVersion = 17.2.32505.173
MinimumVisualStudioVersion = 10.0.40219.1
Project("{9A19103F-16F7-4668-BE54-9A1E7A4F7556}") = "WPF_Successor_001_to_Vahren", "WPF_Successor_001_to_Vahren\WPF_Successor_001_to_Vahren.csproj", "{D1EECBFF-407C-48FC-A3D0-A43A02A0B618}"
EndProject
Project("{9A19103F-16F7-4668-BE54-9A1E7A4F7556}") = "CreateClass", "CreateClass\CreateClass.csproj", "{8B6DE4C8-F5E7-48EC-8D8E-9F889A469D49}"
EndProject
Project("{9A19103F-16F7-4668-BE54-9A1E7A4F7556}") = "MapEditor", "MapEditor\MapEditor.csproj", "{C092106B-F79B-492E-AB67-7DCB15E9B489}"
EndProject
Project("{8BC9CEB8-8B4A-11D0-8D11-00A0C91BC942}") = "OS3_LoganToga", "OS3_LoganToga\OS3_LoganToga.vcxproj", "{A381E0FA-1011-4822-84AE-C49A8318B525}"
EndProject
Project("{8BC9CEB8-8B4A-11D0-8D11-00A0C91BC942}") = "OS3D_0.6.101_LoganToga", "OS3D_0.6.101_LoganToga\OS3D_0.6.101_LoganToga.vcxproj", "{1A7AF886-D8FF-4B23-A39D-FD4A49E29A59}"
EndProject
Project("{8BC9CEB8-8B4A-11D0-8D11-00A0C91BC942}") = "OpenSiv3D_0.6.131_LoganToga", "OpenSiv3D_0.6.131_LoganToga\OpenSiv3D_0.6.131_LoganToga.vcxproj", "{F43E6CCF-52AD-4061-8F48-A59F8872B32A}"
EndProject
Project("{8BC9CEB8-8B4A-11D0-8D11-00A0C91BC942}") = "OpenSiv3D_0.6.131_MapEditor", "OpenSiv3D_0.6.131_MapEditor\OpenSiv3D_0.6.131_MapEditor.vcxproj", "{0639492C-F45A-407F-8F7B-968546C1505E}"
EndProject
Project("{8BC9CEB8-8B4A-11D0-8D11-00A0C91BC942}") = "OpenSiv3D_0.6.141_LoganToga", "OpenSiv3D_0.6.141_LoganToga\OpenSiv3D_0.6.141_LoganToga.vcxproj", "{03F3D4B2-B247-4610-95A6-A973ED5B1B40}"
EndProject
Global
	GlobalSection(SolutionConfigurationPlatforms) = preSolution
		Debug|Any CPU = Debug|Any CPU
		Debug|x64 = Debug|x64
		Release|Any CPU = Release|Any CPU
		Release|x64 = Release|x64
	EndGlobalSection
	GlobalSection(ProjectConfigurationPlatforms) = postSolution
		{D1EECBFF-407C-48FC-A3D0-A43A02A0B618}.Debug|Any CPU.ActiveCfg = Debug|Any CPU
		{D1EECBFF-407C-48FC-A3D0-A43A02A0B618}.Debug|Any CPU.Build.0 = Debug|Any CPU
		{D1EECBFF-407C-48FC-A3D0-A43A02A0B618}.Debug|x64.ActiveCfg = Debug|Any CPU
		{D1EECBFF-407C-48FC-A3D0-A43A02A0B618}.Debug|x64.Build.0 = Debug|Any CPU
		{D1EECBFF-407C-48FC-A3D0-A43A02A0B618}.Release|Any CPU.ActiveCfg = Release|Any CPU
		{D1EECBFF-407C-48FC-A3D0-A43A02A0B618}.Release|Any CPU.Build.0 = Release|Any CPU
		{D1EECBFF-407C-48FC-A3D0-A43A02A0B618}.Release|x64.ActiveCfg = Release|Any CPU
		{D1EECBFF-407C-48FC-A3D0-A43A02A0B618}.Release|x64.Build.0 = Release|Any CPU
		{8B6DE4C8-F5E7-48EC-8D8E-9F889A469D49}.Debug|Any CPU.ActiveCfg = Debug|Any CPU
		{8B6DE4C8-F5E7-48EC-8D8E-9F889A469D49}.Debug|Any CPU.Build.0 = Debug|Any CPU
		{8B6DE4C8-F5E7-48EC-8D8E-9F889A469D49}.Debug|x64.ActiveCfg = Debug|Any CPU
		{8B6DE4C8-F5E7-48EC-8D8E-9F889A469D49}.Debug|x64.Build.0 = Debug|Any CPU
		{8B6DE4C8-F5E7-48EC-8D8E-9F889A469D49}.Release|Any CPU.ActiveCfg = Release|Any CPU
		{8B6DE4C8-F5E7-48EC-8D8E-9F889A469D49}.Release|Any CPU.Build.0 = Release|Any CPU
		{8B6DE4C8-F5E7-48EC-8D8E-9F889A469D49}.Release|x64.ActiveCfg = Release|Any CPU
		{8B6DE4C8-F5E7-48EC-8D8E-9F889A469D49}.Release|x64.Build.0 = Release|Any CPU
		{C092106B-F79B-492E-AB67-7DCB15E9B489}.Debug|Any CPU.ActiveCfg = Debug|Any CPU
		{C092106B-F79B-492E-AB67-7DCB15E9B489}.Debug|Any CPU.Build.0 = Debug|Any CPU
		{C092106B-F79B-492E-AB67-7DCB15E9B489}.Debug|x64.ActiveCfg = Debug|Any CPU
		{C092106B-F79B-492E-AB67-7DCB15E9B489}.Debug|x64.Build.0 = Debug|Any CPU
		{C092106B-F79B-492E-AB67-7DCB15E9B489}.Release|Any CPU.ActiveCfg = Release|Any CPU
		{C092106B-F79B-492E-AB67-7DCB15E9B489}.Release|Any CPU.Build.0 = Release|Any CPU
		{C092106B-F79B-492E-AB67-7DCB15E9B489}.Release|x64.ActiveCfg = Release|Any CPU
		{C092106B-F79B-492E-AB67-7DCB15E9B489}.Release|x64.Build.0 = Release|Any CPU
		{A381E0FA-1011-4822-84AE-C49A8318B525}.Debug|Any CPU.ActiveCfg = Debug|x64
		{A381E0FA-1011-4822-84AE-C49A8318B525}.Debug|Any CPU.Build.0 = Debug|x64
		{A381E0FA-1011-4822-84AE-C49A8318B525}.Debug|x64.ActiveCfg = Debug|x64
		{A381E0FA-1011-4822-84AE-C49A8318B525}.Debug|x64.Build.0 = Debug|x64
		{A381E0FA-1011-4822-84AE-C49A8318B525}.Release|Any CPU.ActiveCfg = Release|x64
		{A381E0FA-1011-4822-84AE-C49A8318B525}.Release|Any CPU.Build.0 = Release|x64
		{A381E0FA-1011-4822-84AE-C49A8318B525}.Release|x64.ActiveCfg = Release|x64
		{A381E0FA-1011-4822-84AE-C49A8318B525}.Release|x64.Build.0 = Release|x64
		{1A7AF886-D8FF-4B23-A39D-FD4A49E29A59}.Debug|Any CPU.ActiveCfg = Debug|x64
		{1A7AF886-D8FF-4B23-A39D-FD4A49E29A59}.Debug|Any CPU.Build.0 = Debug|x64
		{1A7AF886-D8FF-4B23-A39D-FD4A49E29A59}.Debug|x64.ActiveCfg = Debug|x64
		{1A7AF886-D8FF-4B23-A39D-FD4A49E29A59}.Debug|x64.Build.0 = Debug|x64
		{1A7AF886-D8FF-4B23-A39D-FD4A49E29A59}.Release|Any CPU.ActiveCfg = Release|x64
		{1A7AF886-D8FF-4B23-A39D-FD4A49E29A59}.Release|Any CPU.Build.0 = Release|x64
		{1A7AF886-D8FF-4B23-A39D-FD4A49E29A59}.Release|x64.ActiveCfg = Release|x64
		{1A7AF886-D8FF-4B23-A39D-FD4A49E29A59}.Release|x64.Build.0 = Release|x64
		{F43E6CCF-52AD-4061-8F48-A59F8872B32A}.Debug|Any CPU.ActiveCfg = Debug|x64
		{F43E6CCF-52AD-4061-8F48-A59F8872B32A}.Debug|Any CPU.Build.0 = Debug|x64
		{F43E6CCF-52AD-4061-8F48-A59F8872B32A}.Debug|x64.ActiveCfg = Debug|x64
		{F43E6CCF-52AD-4061-8F48-A59F8872B32A}.Debug|x64.Build.0 = Debug|x64
		{F43E6CCF-52AD-4061-8F48-A59F8872B32A}.Release|Any CPU.ActiveCfg = Release|x64
		{F43E6CCF-52AD-4061-8F48-A59F8872B32A}.Release|Any CPU.Build.0 = Release|x64
		{F43E6CCF-52AD-4061-8F48-A59F8872B32A}.Release|x64.ActiveCfg = Release|x64
		{F43E6CCF-52AD-4061-8F48-A59F8872B32A}.Release|x64.Build.0 = Release|x64
		{0639492C-F45A-407F-8F7B-968546C1505E}.Debug|Any CPU.ActiveCfg = Debug|x64
		{0639492C-F45A-407F-8F7B-968546C1505E}.Debug|Any CPU.Build.0 = Debug|x64
		{0639492C-F45A-407F-8F7B-968546C1505E}.Debug|x64.ActiveCfg = Debug|x64
		{0639492C-F45A-407F-8F7B-968546C1505E}.Debug|x64.Build.0 = Debug|x64
		{0639492C-F45A-407F-8F7B-968546C1505E}.Release|Any CPU.ActiveCfg = Release|x64
		{0639492C-F45A-407F-8F7B-968546C1505E}.Release|Any CPU.Build.0 = Release|x64
		{0639492C-F45A-407F-8F7B-968546C1505E}.Release|x64.ActiveCfg = Release|x64
		{0639492C-F45A-407F-8F7B-968546C1505E}.Release|x64.Build.0 = Release|x64
		{03F3D4B2-B247-4610-95A6-A973ED5B1B40}.Debug|Any CPU.ActiveCfg = Debug|x64
		{03F3D4B2-B247-4610-95A6-A973ED5B1B40}.Debug|Any CPU.Build.0 = Debug|x64
		{03F3D4B2-B247-4610-95A6-A973ED5B1B40}.Debug|x64.ActiveCfg = Debug|x64
		{03F3D4B2-B247-4610-95A6-A973ED5B1B40}.Debug|x64.Build.0 = Debug|x64
		{03F3D4B2-B247-4610-95A6-A973ED5B1B40}.Release|Any CPU.ActiveCfg = Release|x64
		{03F3D4B2-B247-4610-95A6-A973ED5B1B40}.Release|Any CPU.Build.0 = Release|x64
		{03F3D4B2-B247-4610-95A6-A973ED5B1B40}.Release|x64.ActiveCfg = Release|x64
		{03F3D4B2-B247-4610-95A6-A973ED5B1B40}.Release|x64.Build.0 = Release|x64
	EndGlobalSection
	GlobalSection(SolutionProperties) = preSolution
		HideSolutionNode = FALSE
	EndGlobalSection
	GlobalSection(ExtensibilityGlobals) = postSolution
		SolutionGuid = {DECD13F9-D29B-4224-990E-0BA7A167DF6B}
	EndGlobalSection
EndGlobal
